{
  "pins" : [
    {
      "identity" : "binarybirds-swift-html",
      "kind" : "remoteSourceControl",
      "location" : "https://github.com/atacan/BinaryBirds-swift-html",
      "state" : {
        "revision" : "e07678a77d296e66fa891a9d4d08acc4471d1783",
        "version" : "1.6.11"
      }
    },
    {
      "identity" : "combine-schedulers",
      "kind" : "remoteSourceControl",
      "location" : "https://github.com/pointfreeco/combine-schedulers",
      "state" : {
        "revision" : "fd16d76fd8b9a976d88bfb6cacc05ca8d19c91b6",
        "version" : "1.1.0"
      }
    },
    {
      "identity" : "demark",
      "kind" : "remoteSourceControl",
      "location" : "https://github.com/atacan/demark",
      "state" : {
        "branch" : "convert-url",
        "revision" : "eafd0ef86282df77a20bcf4e79b47b583b81244e"
      }
    },
    {
      "identity" : "dsfappearancemanager",
      "kind" : "remoteSourceControl",
      "location" : "https://github.com/dagronf/DSFAppearanceManager",
      "state" : {
        "revision" : "e9add5fdf05fe50950d105c77963b7373ddb5ad4",
        "version" : "3.5.1"
      }
    },
    {
      "identity" : "dsfquickactionbar",
      "kind" : "remoteSourceControl",
      "location" : "https://github.com/dagronf/DSFQuickActionBar",
      "state" : {
        "branch" : "main",
        "revision" : "7be7b3bd2cebb19ee119ba1f972ecce581de5aeb"
      }
    },
    {
      "identity" : "highlight",
      "kind" : "remoteSourceControl",
      "location" : "https://github.com/nkristek/Highlight.git",
      "state" : {
        "branch" : "master",
        "revision" : "8e0908cb4b88f629fd8041b361f081ec8486c056"
      }
    },
    {
      "identity" : "html-swift",
      "kind" : "remoteSourceControl",
      "location" : "https://github.com/atacan/html-swift",
      "state" : {
        "branch" : "main",
        "revision" : "579334004f05d5f910639a07c3df6cb32051f2d9"
      }
    },
    {
      "identity" : "jwtdecode.swift",
      "kind" : "remoteSourceControl",
      "location" : "https://github.com/auth0/JWTDecode.swift",
      "state" : {
        "revision" : "36a5ce735a61c4bc119593f43ce2c027b4ca7392",
        "version" : "3.3.0"
      }
    },
    {
      "identity" : "lrucache",
      "kind" : "remoteSourceControl",
      "location" : "https://github.com/nicklockwood/LRUCache.git",
      "state" : {
        "revision" : "cb5b2bd0da83ad29c0bec762d39f41c8ad0eaf3e",
        "version" : "1.2.1"
      }
    },
    {
      "identity" : "macswiftui",
      "kind" : "remoteSourceControl",
      "location" : "https://github.com/atacan/MacSwiftUI",
      "state" : {
        "branch" : "main",
        "revision" : "eb0b598a6c82bda6c338608336f1306e7a475555"
      }
    },
    {
      "identity" : "networkimage",
      "kind" : "remoteSourceControl",
      "location" : "https://github.com/gonzalezreal/NetworkImage",
      "state" : {
        "revision" : "2849f5323265386e200484b0d0f896e73c3411b9",
        "version" : "6.0.1"
      }
    },
    {
      "identity" : "pillpickerview",
      "kind" : "remoteSourceControl",
      "location" : "https://github.com/atacan/PillPickerView",
      "state" : {
        "branch" : "develop",
        "revision" : "aab5b025282cee68a9bac8636a546db8eb4679f5"
      }
    },
    {
      "identity" : "pointfreeco-swift-html",
      "kind" : "remoteSourceControl",
      "location" : "https://github.com/atacan/pointfreeco-swift-html",
      "state" : {
        "branch" : "main",
        "revision" : "611413a7fdc3ecba7c6f0695c45112b6d81f70cb"
      }
    },
    {
      "identity" : "qrcode",
      "kind" : "remoteSourceControl",
      "location" : "https://github.com/dagronf/QRCode",
      "state" : {
        "revision" : "fbc9a1d13a71205631ba46b018c562a2eb9d6c06",
        "version" : "11.4.0"
      }
    },
    {
      "identity" : "splitview",
      "kind" : "remoteSourceControl",
      "location" : "https://github.com/stevengharris/SplitView",
      "state" : {
        "revision" : "7737a80740919c2fa94a6e64f870d37ef77b9b5f",
        "version" : "3.5.3"
      }
    },
    {
      "identity" : "swift-asn1",
      "kind" : "remoteSourceControl",
      "location" : "https://github.com/apple/swift-asn1",
      "state" : {
        "revision" : "810496cf121e525d660cd0ea89a758740476b85f",
        "version" : "1.5.1"
      }
    },
    {
      "identity" : "swift-atomics",
      "kind" : "remoteSourceControl",
      "location" : "https://github.com/apple/swift-atomics.git",
      "state" : {
        "revision" : "b601256eab081c0f92f059e12818ac1d4f178ff7",
        "version" : "1.3.0"
      }
    },
    {
      "identity" : "swift-certificates",
      "kind" : "remoteSourceControl",
      "location" : "https://github.com/apple/swift-certificates",
      "state" : {
        "revision" : "7d5f6124c91a2d06fb63a811695a3400d15a100e",
        "version" : "1.17.1"
      }
    },
    {
      "identity" : "swift-clocks",
      "kind" : "remoteSourceControl",
      "location" : "https://github.com/pointfreeco/swift-clocks",
      "state" : {
        "revision" : "cc46202b53476d64e824e0b6612da09d84ffde8e",
        "version" : "1.0.6"
      }
    },
    {
      "identity" : "swift-cmark",
      "kind" : "remoteSourceControl",
      "location" : "https://github.com/swiftlang/swift-cmark",
      "state" : {
        "revision" : "5d9bdaa4228b381639fff09403e39a04926e2dbe",
        "version" : "0.7.1"
      }
    },
    {
      "identity" : "swift-collections",
      "kind" : "remoteSourceControl",
      "location" : "https://github.com/apple/swift-collections",
      "state" : {
        "revision" : "7b847a3b7008b2dc2f47ca3110d8c782fb2e5c7e",
        "version" : "1.3.0"
      }
    },
    {
      "identity" : "swift-concurrency-extras",
      "kind" : "remoteSourceControl",
      "location" : "https://github.com/pointfreeco/swift-concurrency-extras",
      "state" : {
        "revision" : "5a3825302b1a0d744183200915a47b508c828e6f",
        "version" : "1.3.2"
      }
    },
    {
      "identity" : "swift-crypto",
      "kind" : "remoteSourceControl",
      "location" : "https://github.com/apple/swift-crypto.git",
      "state" : {
        "revision" : "6f70fa9eab24c1fd982af18c281c4525d05e3095",
        "version" : "4.2.0"
      }
    },
    {
      "identity" : "swift-custom-dump",
      "kind" : "remoteSourceControl",
      "location" : "https://github.com/pointfreeco/swift-custom-dump",
      "state" : {
        "revision" : "82645ec760917961cfa08c9c0c7104a57a0fa4b1",
        "version" : "1.3.3"
      }
    },
    {
      "identity" : "swift-dependencies",
      "kind" : "remoteSourceControl",
      "location" : "https://github.com/pointfreeco/swift-dependencies",
      "state" : {
        "revision" : "a10f9feeb214bc72b5337b6ef6d5a029360db4cc",
        "version" : "1.10.0"
      }
    },
    {
      "identity" : "swift-dependencies-additions",
      "kind" : "remoteSourceControl",
      "location" : "https://github.com/tgrapperon/swift-dependencies-additions",
      "state" : {
        "branch" : "xcode26",
        "revision" : "0afff683710e63433847641562da5908fe01205f"
      }
    },
    {
      "identity" : "swift-highlight",
      "kind" : "remoteSourceControl",
      "location" : "https://github.com/atacan/swift-highlight.git",
      "state" : {
        "branch" : "main",
        "revision" : "a82d6ebe26966f5337398bb8039854f5b06e27e6"
      }
    },
    {
      "identity" : "swift-identified-collections",
      "kind" : "remoteSourceControl",
      "location" : "https://github.com/pointfreeco/swift-identified-collections",
      "state" : {
        "revision" : "322d9ffeeba85c9f7c4984b39422ec7cc3c56597",
        "version" : "1.1.1"
      }
    },
    {
      "identity" : "swift-markdown-ui",
      "kind" : "remoteSourceControl",
      "location" : "https://github.com/gonzalezreal/swift-markdown-ui",
      "state" : {
        "revision" : "5f613358148239d0292c0cef674a3c2314737f9e",
        "version" : "2.4.1"
      }
    },
    {
      "identity" : "swift-perception",
      "kind" : "remoteSourceControl",
      "location" : "https://github.com/pointfreeco/swift-perception",
      "state" : {
        "revision" : "d924c62a70fca5f43872f286dbd7cef0957f1c01",
        "version" : "1.6.0"
      }
    },
    {
      "identity" : "swift-qrcode-generator",
      "kind" : "remoteSourceControl",
      "location" : "https://github.com/dagronf/swift-qrcode-generator",
      "state" : {
        "revision" : "5ca09b6a2ad190f94aa3d6ddef45b187f8c0343b",
        "version" : "1.0.3"
      }
    },
    {
      "identity" : "swift-sharing",
      "kind" : "remoteSourceControl",
      "location" : "https://github.com/pointfreeco/swift-sharing",
      "state" : {
        "revision" : "55d2fef5008b054420f90d745ea0520850955462",
        "version" : "1.1.3"
      }
    },
    {
      "identity" : "swift-snapshot-testing",
      "kind" : "remoteSourceControl",
      "location" : "https://github.com/pointfreeco/swift-snapshot-testing",
      "state" : {
        "revision" : "a8b7c5e0ed33d8ab8887d1654d9b59f2cbad529b",
        "version" : "1.18.7"
      }
    },
    {
      "identity" : "swift-syntax",
      "kind" : "remoteSourceControl",
      "location" : "https://github.com/swiftlang/swift-syntax",
      "state" : {
        "revision" : "f99ae8aa18f0cf0d53481901f88a0991dc3bd4a2",
        "version" : "601.0.1"
      }
    },
    {
      "identity" : "swiftformat",
      "kind" : "remoteSourceControl",
      "location" : "https://github.com/nicklockwood/SwiftFormat",
      "state" : {
        "revision" : "fb7ce2e469c18017c92523c93fd3b1b9757a4dd1",
        "version" : "0.58.7"
      }
    },
    {
      "identity" : "swiftsoup",
      "kind" : "remoteSourceControl",
      "location" : "https://github.com/scinfu/SwiftSoup.git",
      "state" : {
        "revision" : "d86f244ed497d48012782e2f59c985a55e77b3f5",
        "version" : "2.11.3"
      }
    },
    {
      "identity" : "ulid.swift",
      "kind" : "remoteSourceControl",
      "location" : "https://github.com/yaslab/ULID.swift",
      "state" : {
        "revision" : "e21933de8ac3e8ba9e83aa71956cd27206eec6b9",
        "version" : "1.3.1"
      }
    },
    {
      "identity" : "xctest-dynamic-overlay",
      "kind" : "remoteSourceControl",
      "location" : "https://github.com/pointfreeco/xctest-dynamic-overlay",
      "state" : {
        "revision" : "31073495cae9caf243c440eac94b3ab067e3d7bc",
        "version" : "1.8.0"
      }
    },
    {
      "identity" : "yams",
      "kind" : "remoteSourceControl",
      "location" : "https://github.com/jpsim/Yams",
      "state" : {
        "revision" : "51b5127c7fb6ffac106ad6d199aaa33c5024895f",
        "version" : "6.2.0"
      }
    }
  ],
  "version" : 2
}
