{
  "pins" : [
    {
      "identity" : "binarybirds-swift-html",
      "kind" : "remoteSourceControl",
      "location" : "https://github.com/atacan/BinaryBirds-swift-html",
      "state" : {
        "revision" : "e07678a77d296e66fa891a9d4d08acc4471d1783",
        "version" : "1.6.11"
      }
    },
    {
      "identity" : "combine-schedulers",
      "kind" : "remoteSourceControl",
      "location" : "https://github.com/pointfreeco/combine-schedulers",
      "state" : {
        "revision" : "0625932976b3ae23949f6b816d13bd97f3b40b7c",
        "version" : "0.10.0"
      }
    },
    {
      "identity" : "highlight",
      "kind" : "remoteSourceControl",
      "location" : "https://github.com/nkristek/Highlight.git",
      "state" : {
        "branch" : "master",
        "revision" : "8e0908cb4b88f629fd8041b361f081ec8486c056"
      }
    },
    {
      "identity" : "html-swift",
      "kind" : "remoteSourceControl",
      "location" : "https://github.com/atacan/html-swift",
      "state" : {
        "branch" : "main",
        "revision" : "e436ee4e8c9ab9364f5ce933edb8aa409fe116a5"
      }
    },
    {
      "identity" : "macswiftui",
      "kind" : "remoteSourceControl",
      "location" : "https://github.com/atacan/MacSwiftUI",
      "state" : {
        "branch" : "main",
        "revision" : "80e50e2ca1b76640873b9c8aca4e81f1bc628f32"
      }
    },
    {
      "identity" : "pointfreeco-swift-html",
      "kind" : "remoteSourceControl",
      "location" : "https://github.com/atacan/pointfreeco-swift-html",
      "state" : {
        "revision" : "f53c38c4b841841f36afa1866093c908cadaa736",
        "version" : "0.4.0"
      }
    },
    {
      "identity" : "splitview",
      "kind" : "remoteSourceControl",
      "location" : "https://github.com/stevengharris/SplitView",
      "state" : {
        "revision" : "b43b07b06aefc5a0daf574938e3b55a47390bcc4",
        "version" : "3.1.3"
      }
    },
    {
      "identity" : "swift-case-paths",
      "kind" : "remoteSourceControl",
      "location" : "https://github.com/pointfreeco/swift-case-paths",
      "state" : {
        "revision" : "fc45e7b2cfece9dd80b5a45e6469ffe67fe67984",
        "version" : "0.14.1"
      }
    },
    {
      "identity" : "swift-clocks",
      "kind" : "remoteSourceControl",
      "location" : "https://github.com/pointfreeco/swift-clocks",
      "state" : {
        "revision" : "f9acfa1a45f4483fe0f2c434a74e6f68f865d12d",
        "version" : "0.3.0"
      }
    },
    {
      "identity" : "swift-collections",
      "kind" : "remoteSourceControl",
      "location" : "https://github.com/apple/swift-collections",
      "state" : {
        "revision" : "937e904258d22af6e447a0b72c0bc67583ef64a2",
        "version" : "1.0.4"
      }
    },
    {
      "identity" : "swift-composable-architecture",
      "kind" : "remoteSourceControl",
      "location" : "https://github.com/pointfreeco/swift-composable-architecture",
      "state" : {
        "revision" : "8b98ba40a2bc8e70579397f906ceb325e7c04b2f",
        "version" : "0.54.0"
      }
    },
    {
      "identity" : "swift-custom-dump",
      "kind" : "remoteSourceControl",
      "location" : "https://github.com/pointfreeco/swift-custom-dump",
      "state" : {
        "revision" : "505aa98716275fbd045d8f934fee3337c82ffbd3",
        "version" : "0.10.3"
      }
    },
    {
      "identity" : "swift-dependencies",
      "kind" : "remoteSourceControl",
      "location" : "https://github.com/pointfreeco/swift-dependencies",
      "state" : {
        "revision" : "de1a984a71e51f6e488e98ce3652035563eb8acb",
        "version" : "0.5.1"
      }
    },
    {
      "identity" : "swift-identified-collections",
      "kind" : "remoteSourceControl",
      "location" : "https://github.com/pointfreeco/swift-identified-collections",
      "state" : {
        "revision" : "f52eee28bdc6065aa2f8424067e6f04c74bda6e6",
        "version" : "0.7.1"
      }
    },
    {
      "identity" : "swift-snapshot-testing",
      "kind" : "remoteSourceControl",
      "location" : "https://github.com/pointfreeco/swift-snapshot-testing.git",
      "state" : {
        "revision" : "cef5b3f6f11781dd4591bdd1dd0a3d22bd609334",
        "version" : "1.11.0"
      }
    },
    {
      "identity" : "swiftformat",
      "kind" : "remoteSourceControl",
      "location" : "https://github.com/nicklockwood/SwiftFormat",
      "state" : {
        "revision" : "29c5053c803d2f58716aa5028f6ef5e9fd397168",
        "version" : "0.51.11"
      }
    },
    {
      "identity" : "swiftsoup",
      "kind" : "remoteSourceControl",
      "location" : "https://github.com/scinfu/SwiftSoup.git",
      "state" : {
        "revision" : "0e96a20ffd37a515c5c963952d4335c89bed50a6",
        "version" : "2.6.0"
      }
    },
    {
      "identity" : "swiftui-navigation",
      "kind" : "remoteSourceControl",
      "location" : "https://github.com/pointfreeco/swiftui-navigation",
      "state" : {
        "revision" : "db81007362f998654239021ca9308a264e59d3e2",
        "version" : "0.7.2"
      }
    },
    {
      "identity" : "tcaenchancements",
      "kind" : "remoteSourceControl",
      "location" : "https://github.com/atacan/TCAEnchancements",
      "state" : {
        "branch" : "main",
        "revision" : "30145373a29090681a73442b65041402ea1d48cb"
      }
    },
    {
      "identity" : "xctest-dynamic-overlay",
      "kind" : "remoteSourceControl",
      "location" : "https://github.com/pointfreeco/xctest-dynamic-overlay",
      "state" : {
        "revision" : "4af50b38daf0037cfbab15514a241224c3f62f98",
        "version" : "0.8.5"
      }
    }
  ],
  "version" : 2
}
