// !$*UTF8*$!
{
	archiveVersion = 1;
	classes = {
	};
	objectVersion = 56;
	objects = {

/* Begin PBXBuildFile section */
		5A7437022A2B69C8001DEC2E /* DevBlissApp.swift in Sources */ = {isa = PBXBuildFile; fileRef = 5A7437012A2B69C8001DEC2E /* DevBlissApp.swift */; };
		5A7437042A2B69C8001DEC2E /* ContentView.swift in Sources */ = {isa = PBXBuildFile; fileRef = 5A7437032A2B69C8001DEC2E /* ContentView.swift */; };
		5A7437062A2B69C9001DEC2E /* Assets.xcassets in Resources */ = {isa = PBXBuildFile; fileRef = 5A7437052A2B69C9001DEC2E /* Assets.xcassets */; };
		5A74370A2A2B69C9001DEC2E /* Preview Assets.xcassets in Resources */ = {isa = PBXBuildFile; fileRef = 5A7437092A2B69C9001DEC2E /* Preview Assets.xcassets */; };
		5AA0CFE52A34B9B00013132B /* JsonPrettyPreviewApp.swift in Sources */ = {isa = PBXBuildFile; fileRef = 5AA0CFE42A34B9B00013132B /* JsonPrettyPreviewApp.swift */; };
		5AA0CFE72A34B9B00013132B /* ContentView.swift in Sources */ = {isa = PBXBuildFile; fileRef = 5AA0CFE62A34B9B00013132B /* ContentView.swift */; };
		5AA0CFE92A34B9B10013132B /* Assets.xcassets in Resources */ = {isa = PBXBuildFile; fileRef = 5AA0CFE82A34B9B10013132B /* Assets.xcassets */; };
		5AA0CFED2A34B9B10013132B /* Preview Assets.xcassets in Resources */ = {isa = PBXBuildFile; fileRef = 5AA0CFEC2A34B9B10013132B /* Preview Assets.xcassets */; };
		5AA0CFF22A34B9C20013132B /* JsonPrettyFeature in Frameworks */ = {isa = PBXBuildFile; productRef = 5AA0CFF12A34B9C20013132B /* JsonPrettyFeature */; };
		5AD9B0442A2BCADA00DD8833 /* InputOutpuPreviewApp.swift in Sources */ = {isa = PBXBuildFile; fileRef = 5AD9B0432A2BCADA00DD8833 /* InputOutpuPreviewApp.swift */; };
		5AD9B0462A2BCADA00DD8833 /* ContentView.swift in Sources */ = {isa = PBXBuildFile; fileRef = 5AD9B0452A2BCADA00DD8833 /* ContentView.swift */; };
		5AD9B0482A2BCADA00DD8833 /* Assets.xcassets in Resources */ = {isa = PBXBuildFile; fileRef = 5AD9B0472A2BCADA00DD8833 /* Assets.xcassets */; };
		5AD9B04C2A2BCADA00DD8833 /* Preview Assets.xcassets in Resources */ = {isa = PBXBuildFile; fileRef = 5AD9B04B2A2BCADA00DD8833 /* Preview Assets.xcassets */; };
		5AD9B0522A2BCB4B00DD8833 /* InputOutput in Frameworks */ = {isa = PBXBuildFile; productRef = 5AD9B0512A2BCB4B00DD8833 /* InputOutput */; };
		5AD9B05D2A2C0CC500DD8833 /* HtmlSwiftPreviewApp.swift in Sources */ = {isa = PBXBuildFile; fileRef = 5AD9B05C2A2C0CC500DD8833 /* HtmlSwiftPreviewApp.swift */; };
		5AD9B05F2A2C0CC500DD8833 /* ContentView.swift in Sources */ = {isa = PBXBuildFile; fileRef = 5AD9B05E2A2C0CC500DD8833 /* ContentView.swift */; };
		5AD9B0612A2C0CC600DD8833 /* Assets.xcassets in Resources */ = {isa = PBXBuildFile; fileRef = 5AD9B0602A2C0CC600DD8833 /* Assets.xcassets */; };
		5AD9B0652A2C0CC600DD8833 /* Preview Assets.xcassets in Resources */ = {isa = PBXBuildFile; fileRef = 5AD9B0642A2C0CC600DD8833 /* Preview Assets.xcassets */; };
		5AD9B06A2A2C0CD700DD8833 /* HtmlToSwiftFeature in Frameworks */ = {isa = PBXBuildFile; productRef = 5AD9B0692A2C0CD700DD8833 /* HtmlToSwiftFeature */; };
/* End PBXBuildFile section */

/* Begin PBXFileReference section */
		5A7436FE2A2B69C8001DEC2E /* DevBliss.app */ = {isa = PBXFileReference; explicitFileType = wrapper.application; includeInIndex = 0; path = DevBliss.app; sourceTree = BUILT_PRODUCTS_DIR; };
		5A7437012A2B69C8001DEC2E /* DevBlissApp.swift */ = {isa = PBXFileReference; lastKnownFileType = sourcecode.swift; path = DevBlissApp.swift; sourceTree = "<group>"; };
		5A7437032A2B69C8001DEC2E /* ContentView.swift */ = {isa = PBXFileReference; lastKnownFileType = sourcecode.swift; path = ContentView.swift; sourceTree = "<group>"; };
		5A7437052A2B69C9001DEC2E /* Assets.xcassets */ = {isa = PBXFileReference; lastKnownFileType = folder.assetcatalog; path = Assets.xcassets; sourceTree = "<group>"; };
		5A7437072A2B69C9001DEC2E /* DevBliss.entitlements */ = {isa = PBXFileReference; lastKnownFileType = text.plist.entitlements; path = DevBliss.entitlements; sourceTree = "<group>"; };
		5A7437092A2B69C9001DEC2E /* Preview Assets.xcassets */ = {isa = PBXFileReference; lastKnownFileType = folder.assetcatalog; path = "Preview Assets.xcassets"; sourceTree = "<group>"; };
		5AA0CFE22A34B9B00013132B /* JsonPrettyPreview.app */ = {isa = PBXFileReference; explicitFileType = wrapper.application; includeInIndex = 0; path = JsonPrettyPreview.app; sourceTree = BUILT_PRODUCTS_DIR; };
		5AA0CFE42A34B9B00013132B /* JsonPrettyPreviewApp.swift */ = {isa = PBXFileReference; lastKnownFileType = sourcecode.swift; path = JsonPrettyPreviewApp.swift; sourceTree = "<group>"; };
		5AA0CFE62A34B9B00013132B /* ContentView.swift */ = {isa = PBXFileReference; lastKnownFileType = sourcecode.swift; path = ContentView.swift; sourceTree = "<group>"; };
		5AA0CFE82A34B9B10013132B /* Assets.xcassets */ = {isa = PBXFileReference; lastKnownFileType = folder.assetcatalog; path = Assets.xcassets; sourceTree = "<group>"; };
		5AA0CFEA2A34B9B10013132B /* JsonPrettyPreview.entitlements */ = {isa = PBXFileReference; lastKnownFileType = text.plist.entitlements; path = JsonPrettyPreview.entitlements; sourceTree = "<group>"; };
		5AA0CFEC2A34B9B10013132B /* Preview Assets.xcassets */ = {isa = PBXFileReference; lastKnownFileType = folder.assetcatalog; path = "Preview Assets.xcassets"; sourceTree = "<group>"; };
		5AAF55582A2B6AE600A86142 /* DevBliss */ = {isa = PBXFileReference; lastKnownFileType = wrapper; name = DevBliss; path = ..; sourceTree = "<group>"; };
		5AD9B0412A2BCADA00DD8833 /* InputOutpuPreview.app */ = {isa = PBXFileReference; explicitFileType = wrapper.application; includeInIndex = 0; path = InputOutpuPreview.app; sourceTree = BUILT_PRODUCTS_DIR; };
		5AD9B0432A2BCADA00DD8833 /* InputOutpuPreviewApp.swift */ = {isa = PBXFileReference; lastKnownFileType = sourcecode.swift; path = InputOutpuPreviewApp.swift; sourceTree = "<group>"; };
		5AD9B0452A2BCADA00DD8833 /* ContentView.swift */ = {isa = PBXFileReference; lastKnownFileType = sourcecode.swift; path = ContentView.swift; sourceTree = "<group>"; };
		5AD9B0472A2BCADA00DD8833 /* Assets.xcassets */ = {isa = PBXFileReference; lastKnownFileType = folder.assetcatalog; path = Assets.xcassets; sourceTree = "<group>"; };
		5AD9B0492A2BCADA00DD8833 /* InputOutpuPreview.entitlements */ = {isa = PBXFileReference; lastKnownFileType = text.plist.entitlements; path = InputOutpuPreview.entitlements; sourceTree = "<group>"; };
		5AD9B04B2A2BCADA00DD8833 /* Preview Assets.xcassets */ = {isa = PBXFileReference; lastKnownFileType = folder.assetcatalog; path = "Preview Assets.xcassets"; sourceTree = "<group>"; };
		5AD9B0552A2BF25900DD8833 /* InputOutpuPreview-Info.plist */ = {isa = PBXFileReference; lastKnownFileType = text.plist; path = "InputOutpuPreview-Info.plist"; sourceTree = "<group>"; };
		5AD9B05A2A2C0CC500DD8833 /* HtmlSwiftPreview.app */ = {isa = PBXFileReference; explicitFileType = wrapper.application; includeInIndex = 0; path = HtmlSwiftPreview.app; sourceTree = BUILT_PRODUCTS_DIR; };
		5AD9B05C2A2C0CC500DD8833 /* HtmlSwiftPreviewApp.swift */ = {isa = PBXFileReference; lastKnownFileType = sourcecode.swift; path = HtmlSwiftPreviewApp.swift; sourceTree = "<group>"; };
		5AD9B05E2A2C0CC500DD8833 /* ContentView.swift */ = {isa = PBXFileReference; lastKnownFileType = sourcecode.swift; path = ContentView.swift; sourceTree = "<group>"; };
		5AD9B0602A2C0CC600DD8833 /* Assets.xcassets */ = {isa = PBXFileReference; lastKnownFileType = folder.assetcatalog; path = Assets.xcassets; sourceTree = "<group>"; };
		5AD9B0622A2C0CC600DD8833 /* HtmlSwiftPreview.entitlements */ = {isa = PBXFileReference; lastKnownFileType = text.plist.entitlements; path = HtmlSwiftPreview.entitlements; sourceTree = "<group>"; };
		5AD9B0642A2C0CC600DD8833 /* Preview Assets.xcassets */ = {isa = PBXFileReference; lastKnownFileType = folder.assetcatalog; path = "Preview Assets.xcassets"; sourceTree = "<group>"; };
/* End PBXFileReference section */

/* Begin PBXFrameworksBuildPhase section */
		5A7436FB2A2B69C8001DEC2E /* Frameworks */ = {
			isa = PBXFrameworksBuildPhase;
			buildActionMask = 2147483647;
			files = (
			);
			runOnlyForDeploymentPostprocessing = 0;
		};
		5AA0CFDF2A34B9B00013132B /* Frameworks */ = {
			isa = PBXFrameworksBuildPhase;
			buildActionMask = 2147483647;
			files = (
				5AA0CFF22A34B9C20013132B /* JsonPrettyFeature in Frameworks */,
			);
			runOnlyForDeploymentPostprocessing = 0;
		};
		5AD9B03E2A2BCADA00DD8833 /* Frameworks */ = {
			isa = PBXFrameworksBuildPhase;
			buildActionMask = 2147483647;
			files = (
				5AD9B0522A2BCB4B00DD8833 /* InputOutput in Frameworks */,
			);
			runOnlyForDeploymentPostprocessing = 0;
		};
		5AD9B0572A2C0CC500DD8833 /* Frameworks */ = {
			isa = PBXFrameworksBuildPhase;
			buildActionMask = 2147483647;
			files = (
				5AD9B06A2A2C0CD700DD8833 /* HtmlToSwiftFeature in Frameworks */,
			);
			runOnlyForDeploymentPostprocessing = 0;
		};
/* End PBXFrameworksBuildPhase section */

/* Begin PBXGroup section */
		5A7436F52A2B69C8001DEC2E = {
			isa = PBXGroup;
			children = (
				5AD9B0552A2BF25900DD8833 /* InputOutpuPreview-Info.plist */,
				5AAF55582A2B6AE600A86142 /* DevBliss */,
				5AAF55592A2B6C2300A86142 /* _Previews */,
				5A7437002A2B69C8001DEC2E /* DevBliss */,
				5AD9B05B2A2C0CC500DD8833 /* HtmlSwiftPreview */,
				5AA0CFE32A34B9B00013132B /* JsonPrettyPreview */,
				5A7436FF2A2B69C8001DEC2E /* Products */,
				5AD9B0502A2BCB4B00DD8833 /* Frameworks */,
			);
			sourceTree = "<group>";
		};
		5A7436FF2A2B69C8001DEC2E /* Products */ = {
			isa = PBXGroup;
			children = (
				5A7436FE2A2B69C8001DEC2E /* DevBliss.app */,
				5AD9B0412A2BCADA00DD8833 /* InputOutpuPreview.app */,
				5AD9B05A2A2C0CC500DD8833 /* HtmlSwiftPreview.app */,
				5AA0CFE22A34B9B00013132B /* JsonPrettyPreview.app */,
			);
			name = Products;
			sourceTree = "<group>";
		};
		5A7437002A2B69C8001DEC2E /* DevBliss */ = {
			isa = PBXGroup;
			children = (
				5A7437012A2B69C8001DEC2E /* DevBlissApp.swift */,
				5A7437032A2B69C8001DEC2E /* ContentView.swift */,
				5A7437052A2B69C9001DEC2E /* Assets.xcassets */,
				5A7437072A2B69C9001DEC2E /* DevBliss.entitlements */,
				5A7437082A2B69C9001DEC2E /* Preview Content */,
			);
			path = DevBliss;
			sourceTree = "<group>";
		};
		5A7437082A2B69C9001DEC2E /* Preview Content */ = {
			isa = PBXGroup;
			children = (
				5A7437092A2B69C9001DEC2E /* Preview Assets.xcassets */,
			);
			path = "Preview Content";
			sourceTree = "<group>";
		};
		5AA0CFE32A34B9B00013132B /* JsonPrettyPreview */ = {
			isa = PBXGroup;
			children = (
				5AA0CFE42A34B9B00013132B /* JsonPrettyPreviewApp.swift */,
				5AA0CFE62A34B9B00013132B /* ContentView.swift */,
				5AA0CFE82A34B9B10013132B /* Assets.xcassets */,
				5AA0CFEA2A34B9B10013132B /* JsonPrettyPreview.entitlements */,
				5AA0CFEB2A34B9B10013132B /* Preview Content */,
			);
			path = JsonPrettyPreview;
			sourceTree = "<group>";
		};
		5AA0CFEB2A34B9B10013132B /* Preview Content */ = {
			isa = PBXGroup;
			children = (
				5AA0CFEC2A34B9B10013132B /* Preview Assets.xcassets */,
			);
			path = "Preview Content";
			sourceTree = "<group>";
		};
		5AAF55592A2B6C2300A86142 /* _Previews */ = {
			isa = PBXGroup;
			children = (
				5AD9B0422A2BCADA00DD8833 /* InputOutpuPreview */,
			);
			path = _Previews;
			sourceTree = "<group>";
		};
		5AD9B0422A2BCADA00DD8833 /* InputOutpuPreview */ = {
			isa = PBXGroup;
			children = (
				5AD9B0432A2BCADA00DD8833 /* InputOutpuPreviewApp.swift */,
				5AD9B0452A2BCADA00DD8833 /* ContentView.swift */,
				5AD9B0472A2BCADA00DD8833 /* Assets.xcassets */,
				5AD9B0492A2BCADA00DD8833 /* InputOutpuPreview.entitlements */,
				5AD9B04A2A2BCADA00DD8833 /* Preview Content */,
			);
			path = InputOutpuPreview;
			sourceTree = "<group>";
		};
		5AD9B04A2A2BCADA00DD8833 /* Preview Content */ = {
			isa = PBXGroup;
			children = (
				5AD9B04B2A2BCADA00DD8833 /* Preview Assets.xcassets */,
			);
			path = "Preview Content";
			sourceTree = "<group>";
		};
		5AD9B0502A2BCB4B00DD8833 /* Frameworks */ = {
			isa = PBXGroup;
			children = (
			);
			name = Frameworks;
			sourceTree = "<group>";
		};
		5AD9B05B2A2C0CC500DD8833 /* HtmlSwiftPreview */ = {
			isa = PBXGroup;
			children = (
				5AD9B05C2A2C0CC500DD8833 /* HtmlSwiftPreviewApp.swift */,
				5AD9B05E2A2C0CC500DD8833 /* ContentView.swift */,
				5AD9B0602A2C0CC600DD8833 /* Assets.xcassets */,
				5AD9B0622A2C0CC600DD8833 /* HtmlSwiftPreview.entitlements */,
				5AD9B0632A2C0CC600DD8833 /* Preview Content */,
			);
			path = HtmlSwiftPreview;
			sourceTree = "<group>";
		};
		5AD9B0632A2C0CC600DD8833 /* Preview Content */ = {
			isa = PBXGroup;
			children = (
				5AD9B0642A2C0CC600DD8833 /* Preview Assets.xcassets */,
			);
			path = "Preview Content";
			sourceTree = "<group>";
		};
/* End PBXGroup section */

/* Begin PBXNativeTarget section */
		5A7436FD2A2B69C8001DEC2E /* DevBliss */ = {
			isa = PBXNativeTarget;
			buildConfigurationList = 5A74370D2A2B69C9001DEC2E /* Build configuration list for PBXNativeTarget "DevBliss" */;
			buildPhases = (
				5A7436FA2A2B69C8001DEC2E /* Sources */,
				5A7436FB2A2B69C8001DEC2E /* Frameworks */,
				5A7436FC2A2B69C8001DEC2E /* Resources */,
			);
			buildRules = (
			);
			dependencies = (
			);
			name = DevBliss;
			productName = DevBliss;
			productReference = 5A7436FE2A2B69C8001DEC2E /* DevBliss.app */;
			productType = "com.apple.product-type.application";
		};
		5AA0CFE12A34B9B00013132B /* JsonPrettyPreview */ = {
			isa = PBXNativeTarget;
			buildConfigurationList = 5AA0CFF02A34B9B10013132B /* Build configuration list for PBXNativeTarget "JsonPrettyPreview" */;
			buildPhases = (
				5AA0CFDE2A34B9B00013132B /* Sources */,
				5AA0CFDF2A34B9B00013132B /* Frameworks */,
				5AA0CFE02A34B9B00013132B /* Resources */,
			);
			buildRules = (
			);
			dependencies = (
			);
			name = JsonPrettyPreview;
			packageProductDependencies = (
				5AA0CFF12A34B9C20013132B /* JsonPrettyFeature */,
			);
			productName = JsonPrettyPreview;
			productReference = 5AA0CFE22A34B9B00013132B /* JsonPrettyPreview.app */;
			productType = "com.apple.product-type.application";
		};
		5AD9B0402A2BCADA00DD8833 /* InputOutpuPreview */ = {
			isa = PBXNativeTarget;
			buildConfigurationList = 5AD9B04F2A2BCADA00DD8833 /* Build configuration list for PBXNativeTarget "InputOutpuPreview" */;
			buildPhases = (
				5AD9B03D2A2BCADA00DD8833 /* Sources */,
				5AD9B03E2A2BCADA00DD8833 /* Frameworks */,
				5AD9B03F2A2BCADA00DD8833 /* Resources */,
			);
			buildRules = (
			);
			dependencies = (
			);
			name = InputOutpuPreview;
			packageProductDependencies = (
				5AD9B0512A2BCB4B00DD8833 /* InputOutput */,
			);
			productName = InputOutpuPreview;
			productReference = 5AD9B0412A2BCADA00DD8833 /* InputOutpuPreview.app */;
			productType = "com.apple.product-type.application";
		};
		5AD9B0592A2C0CC500DD8833 /* HtmlSwiftPreview */ = {
			isa = PBXNativeTarget;
			buildConfigurationList = 5AD9B0662A2C0CC600DD8833 /* Build configuration list for PBXNativeTarget "HtmlSwiftPreview" */;
			buildPhases = (
				5AD9B0562A2C0CC500DD8833 /* Sources */,
				5AD9B0572A2C0CC500DD8833 /* Frameworks */,
				5AD9B0582A2C0CC500DD8833 /* Resources */,
			);
			buildRules = (
			);
			dependencies = (
			);
			name = HtmlSwiftPreview;
			packageProductDependencies = (
				5AD9B0692A2C0CD700DD8833 /* HtmlToSwiftFeature */,
			);
			productName = HtmlSwiftPreview;
			productReference = 5AD9B05A2A2C0CC500DD8833 /* HtmlSwiftPreview.app */;
			productType = "com.apple.product-type.application";
		};
/* End PBXNativeTarget section */

/* Begin PBXProject section */
		5A7436F62A2B69C8001DEC2E /* Project object */ = {
			isa = PBXProject;
			attributes = {
				BuildIndependentTargetsInParallel = 1;
				LastSwiftUpdateCheck = 1420;
				LastUpgradeCheck = 1420;
				TargetAttributes = {
					5A7436FD2A2B69C8001DEC2E = {
						CreatedOnToolsVersion = 14.2;
					};
					5AA0CFE12A34B9B00013132B = {
						CreatedOnToolsVersion = 14.2;
					};
					5AD9B0402A2BCADA00DD8833 = {
						CreatedOnToolsVersion = 14.2;
					};
					5AD9B0592A2C0CC500DD8833 = {
						CreatedOnToolsVersion = 14.2;
					};
				};
			};
			buildConfigurationList = 5A7436F92A2B69C8001DEC2E /* Build configuration list for PBXProject "DevBliss" */;
			compatibilityVersion = "Xcode 14.0";
			developmentRegion = en;
			hasScannedForEncodings = 0;
			knownRegions = (
				en,
				Base,
			);
			mainGroup = 5A7436F52A2B69C8001DEC2E;
			productRefGroup = 5A7436FF2A2B69C8001DEC2E /* Products */;
			projectDirPath = "";
			projectRoot = "";
			targets = (
				5A7436FD2A2B69C8001DEC2E /* DevBliss */,
				5AD9B0402A2BCADA00DD8833 /* InputOutpuPreview */,
				5AD9B0592A2C0CC500DD8833 /* HtmlSwiftPreview */,
				5AA0CFE12A34B9B00013132B /* JsonPrettyPreview */,
			);
		};
/* End PBXProject section */

/* Begin PBXResourcesBuildPhase section */
		5A7436FC2A2B69C8001DEC2E /* Resources */ = {
			isa = PBXResourcesBuildPhase;
			buildActionMask = 2147483647;
			files = (
				5A74370A2A2B69C9001DEC2E /* Preview Assets.xcassets in Resources */,
				5A7437062A2B69C9001DEC2E /* Assets.xcassets in Resources */,
			);
			runOnlyForDeploymentPostprocessing = 0;
		};
		5AA0CFE02A34B9B00013132B /* Resources */ = {
			isa = PBXResourcesBuildPhase;
			buildActionMask = 2147483647;
			files = (
				5AA0CFED2A34B9B10013132B /* Preview Assets.xcassets in Resources */,
				5AA0CFE92A34B9B10013132B /* Assets.xcassets in Resources */,
			);
			runOnlyForDeploymentPostprocessing = 0;
		};
		5AD9B03F2A2BCADA00DD8833 /* Resources */ = {
			isa = PBXResourcesBuildPhase;
			buildActionMask = 2147483647;
			files = (
				5AD9B04C2A2BCADA00DD8833 /* Preview Assets.xcassets in Resources */,
				5AD9B0482A2BCADA00DD8833 /* Assets.xcassets in Resources */,
			);
			runOnlyForDeploymentPostprocessing = 0;
		};
		5AD9B0582A2C0CC500DD8833 /* Resources */ = {
			isa = PBXResourcesBuildPhase;
			buildActionMask = 2147483647;
			files = (
				5AD9B0652A2C0CC600DD8833 /* Preview Assets.xcassets in Resources */,
				5AD9B0612A2C0CC600DD8833 /* Assets.xcassets in Resources */,
			);
			runOnlyForDeploymentPostprocessing = 0;
		};
/* End PBXResourcesBuildPhase section */

/* Begin PBXSourcesBuildPhase section */
		5A7436FA2A2B69C8001DEC2E /* Sources */ = {
			isa = PBXSourcesBuildPhase;
			buildActionMask = 2147483647;
			files = (
				5A7437042A2B69C8001DEC2E /* ContentView.swift in Sources */,
				5A7437022A2B69C8001DEC2E /* DevBlissApp.swift in Sources */,
			);
			runOnlyForDeploymentPostprocessing = 0;
		};
		5AA0CFDE2A34B9B00013132B /* Sources */ = {
			isa = PBXSourcesBuildPhase;
			buildActionMask = 2147483647;
			files = (
				5AA0CFE72A34B9B00013132B /* ContentView.swift in Sources */,
				5AA0CFE52A34B9B00013132B /* JsonPrettyPreviewApp.swift in Sources */,
			);
			runOnlyForDeploymentPostprocessing = 0;
		};
		5AD9B03D2A2BCADA00DD8833 /* Sources */ = {
			isa = PBXSourcesBuildPhase;
			buildActionMask = 2147483647;
			files = (
				5AD9B0462A2BCADA00DD8833 /* ContentView.swift in Sources */,
				5AD9B0442A2BCADA00DD8833 /* InputOutpuPreviewApp.swift in Sources */,
			);
			runOnlyForDeploymentPostprocessing = 0;
		};
		5AD9B0562A2C0CC500DD8833 /* Sources */ = {
			isa = PBXSourcesBuildPhase;
			buildActionMask = 2147483647;
			files = (
				5AD9B05F2A2C0CC500DD8833 /* ContentView.swift in Sources */,
				5AD9B05D2A2C0CC500DD8833 /* HtmlSwiftPreviewApp.swift in Sources */,
			);
			runOnlyForDeploymentPostprocessing = 0;
		};
/* End PBXSourcesBuildPhase section */

/* Begin XCBuildConfiguration section */
		5A74370B2A2B69C9001DEC2E /* Debug */ = {
			isa = XCBuildConfiguration;
			buildSettings = {
				ALWAYS_SEARCH_USER_PATHS = NO;
				CLANG_ANALYZER_NONNULL = YES;
				CLANG_ANALYZER_NUMBER_OBJECT_CONVERSION = YES_AGGRESSIVE;
				CLANG_CXX_LANGUAGE_STANDARD = "gnu++20";
				CLANG_ENABLE_MODULES = YES;
				CLANG_ENABLE_OBJC_ARC = YES;
				CLANG_ENABLE_OBJC_WEAK = YES;
				CLANG_WARN_BLOCK_CAPTURE_AUTORELEASING = YES;
				CLANG_WARN_BOOL_CONVERSION = YES;
				CLANG_WARN_COMMA = YES;
				CLANG_WARN_CONSTANT_CONVERSION = YES;
				CLANG_WARN_DEPRECATED_OBJC_IMPLEMENTATIONS = YES;
				CLANG_WARN_DIRECT_OBJC_ISA_USAGE = YES_ERROR;
				CLANG_WARN_DOCUMENTATION_COMMENTS = YES;
				CLANG_WARN_EMPTY_BODY = YES;
				CLANG_WARN_ENUM_CONVERSION = YES;
				CLANG_WARN_INFINITE_RECURSION = YES;
				CLANG_WARN_INT_CONVERSION = YES;
				CLANG_WARN_NON_LITERAL_NULL_CONVERSION = YES;
				CLANG_WARN_OBJC_IMPLICIT_RETAIN_SELF = YES;
				CLANG_WARN_OBJC_LITERAL_CONVERSION = YES;
				CLANG_WARN_OBJC_ROOT_CLASS = YES_ERROR;
				CLANG_WARN_QUOTED_INCLUDE_IN_FRAMEWORK_HEADER = YES;
				CLANG_WARN_RANGE_LOOP_ANALYSIS = YES;
				CLANG_WARN_STRICT_PROTOTYPES = YES;
				CLANG_WARN_SUSPICIOUS_MOVE = YES;
				CLANG_WARN_UNGUARDED_AVAILABILITY = YES_AGGRESSIVE;
				CLANG_WARN_UNREACHABLE_CODE = YES;
				CLANG_WARN__DUPLICATE_METHOD_MATCH = YES;
				COPY_PHASE_STRIP = NO;
				DEBUG_INFORMATION_FORMAT = dwarf;
				ENABLE_STRICT_OBJC_MSGSEND = YES;
				ENABLE_TESTABILITY = YES;
				GCC_C_LANGUAGE_STANDARD = gnu11;
				GCC_DYNAMIC_NO_PIC = NO;
				GCC_NO_COMMON_BLOCKS = YES;
				GCC_OPTIMIZATION_LEVEL = 0;
				GCC_PREPROCESSOR_DEFINITIONS = (
					"DEBUG=1",
					"$(inherited)",
				);
				GCC_WARN_64_TO_32_BIT_CONVERSION = YES;
				GCC_WARN_ABOUT_RETURN_TYPE = YES_ERROR;
				GCC_WARN_UNDECLARED_SELECTOR = YES;
				GCC_WARN_UNINITIALIZED_AUTOS = YES_AGGRESSIVE;
				GCC_WARN_UNUSED_FUNCTION = YES;
				GCC_WARN_UNUSED_VARIABLE = YES;
				MTL_ENABLE_DEBUG_INFO = INCLUDE_SOURCE;
				MTL_FAST_MATH = YES;
				ONLY_ACTIVE_ARCH = YES;
				SWIFT_ACTIVE_COMPILATION_CONDITIONS = DEBUG;
				SWIFT_OPTIMIZATION_LEVEL = "-Onone";
			};
			name = Debug;
		};
		5A74370C2A2B69C9001DEC2E /* Release */ = {
			isa = XCBuildConfiguration;
			buildSettings = {
				ALWAYS_SEARCH_USER_PATHS = NO;
				CLANG_ANALYZER_NONNULL = YES;
				CLANG_ANALYZER_NUMBER_OBJECT_CONVERSION = YES_AGGRESSIVE;
				CLANG_CXX_LANGUAGE_STANDARD = "gnu++20";
				CLANG_ENABLE_MODULES = YES;
				CLANG_ENABLE_OBJC_ARC = YES;
				CLANG_ENABLE_OBJC_WEAK = YES;
				CLANG_WARN_BLOCK_CAPTURE_AUTORELEASING = YES;
				CLANG_WARN_BOOL_CONVERSION = YES;
				CLANG_WARN_COMMA = YES;
				CLANG_WARN_CONSTANT_CONVERSION = YES;
				CLANG_WARN_DEPRECATED_OBJC_IMPLEMENTATIONS = YES;
				CLANG_WARN_DIRECT_OBJC_ISA_USAGE = YES_ERROR;
				CLANG_WARN_DOCUMENTATION_COMMENTS = YES;
				CLANG_WARN_EMPTY_BODY = YES;
				CLANG_WARN_ENUM_CONVERSION = YES;
				CLANG_WARN_INFINITE_RECURSION = YES;
				CLANG_WARN_INT_CONVERSION = YES;
				CLANG_WARN_NON_LITERAL_NULL_CONVERSION = YES;
				CLANG_WARN_OBJC_IMPLICIT_RETAIN_SELF = YES;
				CLANG_WARN_OBJC_LITERAL_CONVERSION = YES;
				CLANG_WARN_OBJC_ROOT_CLASS = YES_ERROR;
				CLANG_WARN_QUOTED_INCLUDE_IN_FRAMEWORK_HEADER = YES;
				CLANG_WARN_RANGE_LOOP_ANALYSIS = YES;
				CLANG_WARN_STRICT_PROTOTYPES = YES;
				CLANG_WARN_SUSPICIOUS_MOVE = YES;
				CLANG_WARN_UNGUARDED_AVAILABILITY = YES_AGGRESSIVE;
				CLANG_WARN_UNREACHABLE_CODE = YES;
				CLANG_WARN__DUPLICATE_METHOD_MATCH = YES;
				COPY_PHASE_STRIP = NO;
				DEBUG_INFORMATION_FORMAT = "dwarf-with-dsym";
				ENABLE_NS_ASSERTIONS = NO;
				ENABLE_STRICT_OBJC_MSGSEND = YES;
				GCC_C_LANGUAGE_STANDARD = gnu11;
				GCC_NO_COMMON_BLOCKS = YES;
				GCC_WARN_64_TO_32_BIT_CONVERSION = YES;
				GCC_WARN_ABOUT_RETURN_TYPE = YES_ERROR;
				GCC_WARN_UNDECLARED_SELECTOR = YES;
				GCC_WARN_UNINITIALIZED_AUTOS = YES_AGGRESSIVE;
				GCC_WARN_UNUSED_FUNCTION = YES;
				GCC_WARN_UNUSED_VARIABLE = YES;
				MTL_ENABLE_DEBUG_INFO = NO;
				MTL_FAST_MATH = YES;
				SWIFT_COMPILATION_MODE = wholemodule;
				SWIFT_OPTIMIZATION_LEVEL = "-O";
			};
			name = Release;
		};
		5A74370E2A2B69C9001DEC2E /* Debug */ = {
			isa = XCBuildConfiguration;
			buildSettings = {
				ASSETCATALOG_COMPILER_APPICON_NAME = AppIcon;
				ASSETCATALOG_COMPILER_GLOBAL_ACCENT_COLOR_NAME = AccentColor;
				CODE_SIGN_ENTITLEMENTS = DevBliss/DevBliss.entitlements;
				CODE_SIGN_STYLE = Automatic;
				CURRENT_PROJECT_VERSION = 1;
				DEVELOPMENT_ASSET_PATHS = "\"DevBliss/Preview Content\"";
				ENABLE_PREVIEWS = YES;
				GENERATE_INFOPLIST_FILE = YES;
				"INFOPLIST_KEY_UIApplicationSceneManifest_Generation[sdk=iphoneos*]" = YES;
				"INFOPLIST_KEY_UIApplicationSceneManifest_Generation[sdk=iphonesimulator*]" = YES;
				"INFOPLIST_KEY_UIApplicationSupportsIndirectInputEvents[sdk=iphoneos*]" = YES;
				"INFOPLIST_KEY_UIApplicationSupportsIndirectInputEvents[sdk=iphonesimulator*]" = YES;
				"INFOPLIST_KEY_UILaunchScreen_Generation[sdk=iphoneos*]" = YES;
				"INFOPLIST_KEY_UILaunchScreen_Generation[sdk=iphonesimulator*]" = YES;
				"INFOPLIST_KEY_UIStatusBarStyle[sdk=iphoneos*]" = UIStatusBarStyleDefault;
				"INFOPLIST_KEY_UIStatusBarStyle[sdk=iphonesimulator*]" = UIStatusBarStyleDefault;
				INFOPLIST_KEY_UISupportedInterfaceOrientations_iPad = "UIInterfaceOrientationPortrait UIInterfaceOrientationPortraitUpsideDown UIInterfaceOrientationLandscapeLeft UIInterfaceOrientationLandscapeRight";
				INFOPLIST_KEY_UISupportedInterfaceOrientations_iPhone = "UIInterfaceOrientationPortrait UIInterfaceOrientationLandscapeLeft UIInterfaceOrientationLandscapeRight";
				IPHONEOS_DEPLOYMENT_TARGET = 16.2;
				LD_RUNPATH_SEARCH_PATHS = "@executable_path/Frameworks";
				"LD_RUNPATH_SEARCH_PATHS[sdk=macosx*]" = "@executable_path/../Frameworks";
				MACOSX_DEPLOYMENT_TARGET = 12.6;
				MARKETING_VERSION = 1.0;
				PRODUCT_BUNDLE_IDENTIFIER = com.actondon.DevBliss;
				PRODUCT_NAME = "$(TARGET_NAME)";
				SDKROOT = auto;
				SUPPORTED_PLATFORMS = "iphoneos iphonesimulator macosx";
				SWIFT_EMIT_LOC_STRINGS = YES;
				SWIFT_VERSION = 5.0;
				TARGETED_DEVICE_FAMILY = "1,2";
			};
			name = Debug;
		};
		5A74370F2A2B69C9001DEC2E /* Release */ = {
			isa = XCBuildConfiguration;
			buildSettings = {
				ASSETCATALOG_COMPILER_APPICON_NAME = AppIcon;
				ASSETCATALOG_COMPILER_GLOBAL_ACCENT_COLOR_NAME = AccentColor;
				CODE_SIGN_ENTITLEMENTS = DevBliss/DevBliss.entitlements;
				CODE_SIGN_STYLE = Automatic;
				CURRENT_PROJECT_VERSION = 1;
				DEVELOPMENT_ASSET_PATHS = "\"DevBliss/Preview Content\"";
				ENABLE_PREVIEWS = YES;
				GENERATE_INFOPLIST_FILE = YES;
				"INFOPLIST_KEY_UIApplicationSceneManifest_Generation[sdk=iphoneos*]" = YES;
				"INFOPLIST_KEY_UIApplicationSceneManifest_Generation[sdk=iphonesimulator*]" = YES;
				"INFOPLIST_KEY_UIApplicationSupportsIndirectInputEvents[sdk=iphoneos*]" = YES;
				"INFOPLIST_KEY_UIApplicationSupportsIndirectInputEvents[sdk=iphonesimulator*]" = YES;
				"INFOPLIST_KEY_UILaunchScreen_Generation[sdk=iphoneos*]" = YES;
				"INFOPLIST_KEY_UILaunchScreen_Generation[sdk=iphonesimulator*]" = YES;
				"INFOPLIST_KEY_UIStatusBarStyle[sdk=iphoneos*]" = UIStatusBarStyleDefault;
				"INFOPLIST_KEY_UIStatusBarStyle[sdk=iphonesimulator*]" = UIStatusBarStyleDefault;
				INFOPLIST_KEY_UISupportedInterfaceOrientations_iPad = "UIInterfaceOrientationPortrait UIInterfaceOrientationPortraitUpsideDown UIInterfaceOrientationLandscapeLeft UIInterfaceOrientationLandscapeRight";
				INFOPLIST_KEY_UISupportedInterfaceOrientations_iPhone = "UIInterfaceOrientationPortrait UIInterfaceOrientationLandscapeLeft UIInterfaceOrientationLandscapeRight";
				IPHONEOS_DEPLOYMENT_TARGET = 16.2;
				LD_RUNPATH_SEARCH_PATHS = "@executable_path/Frameworks";
				"LD_RUNPATH_SEARCH_PATHS[sdk=macosx*]" = "@executable_path/../Frameworks";
				MACOSX_DEPLOYMENT_TARGET = 12.6;
				MARKETING_VERSION = 1.0;
				PRODUCT_BUNDLE_IDENTIFIER = com.actondon.DevBliss;
				PRODUCT_NAME = "$(TARGET_NAME)";
				SDKROOT = auto;
				SUPPORTED_PLATFORMS = "iphoneos iphonesimulator macosx";
				SWIFT_EMIT_LOC_STRINGS = YES;
				SWIFT_VERSION = 5.0;
				TARGETED_DEVICE_FAMILY = "1,2";
			};
			name = Release;
		};
		5AA0CFEE2A34B9B10013132B /* Debug */ = {
			isa = XCBuildConfiguration;
			buildSettings = {
				ASSETCATALOG_COMPILER_APPICON_NAME = AppIcon;
				ASSETCATALOG_COMPILER_GLOBAL_ACCENT_COLOR_NAME = AccentColor;
				CODE_SIGN_ENTITLEMENTS = JsonPrettyPreview/JsonPrettyPreview.entitlements;
				CODE_SIGN_STYLE = Automatic;
				CURRENT_PROJECT_VERSION = 1;
				DEVELOPMENT_ASSET_PATHS = "\"JsonPrettyPreview/Preview Content\"";
				ENABLE_PREVIEWS = YES;
				GENERATE_INFOPLIST_FILE = YES;
				"INFOPLIST_KEY_UIApplicationSceneManifest_Generation[sdk=iphoneos*]" = YES;
				"INFOPLIST_KEY_UIApplicationSceneManifest_Generation[sdk=iphonesimulator*]" = YES;
				"INFOPLIST_KEY_UIApplicationSupportsIndirectInputEvents[sdk=iphoneos*]" = YES;
				"INFOPLIST_KEY_UIApplicationSupportsIndirectInputEvents[sdk=iphonesimulator*]" = YES;
				"INFOPLIST_KEY_UILaunchScreen_Generation[sdk=iphoneos*]" = YES;
				"INFOPLIST_KEY_UILaunchScreen_Generation[sdk=iphonesimulator*]" = YES;
				"INFOPLIST_KEY_UIStatusBarStyle[sdk=iphoneos*]" = UIStatusBarStyleDefault;
				"INFOPLIST_KEY_UIStatusBarStyle[sdk=iphonesimulator*]" = UIStatusBarStyleDefault;
				INFOPLIST_KEY_UISupportedInterfaceOrientations_iPad = "UIInterfaceOrientationPortrait UIInterfaceOrientationPortraitUpsideDown UIInterfaceOrientationLandscapeLeft UIInterfaceOrientationLandscapeRight";
				INFOPLIST_KEY_UISupportedInterfaceOrientations_iPhone = "UIInterfaceOrientationPortrait UIInterfaceOrientationLandscapeLeft UIInterfaceOrientationLandscapeRight";
				IPHONEOS_DEPLOYMENT_TARGET = 16.2;
				LD_RUNPATH_SEARCH_PATHS = "@executable_path/Frameworks";
				"LD_RUNPATH_SEARCH_PATHS[sdk=macosx*]" = "@executable_path/../Frameworks";
				MACOSX_DEPLOYMENT_TARGET = 12.6;
				MARKETING_VERSION = 1.0;
				PRODUCT_BUNDLE_IDENTIFIER = com.actondon.JsonPrettyPreview;
				PRODUCT_NAME = "$(TARGET_NAME)";
				SDKROOT = auto;
				SUPPORTED_PLATFORMS = "iphoneos iphonesimulator macosx";
				SWIFT_EMIT_LOC_STRINGS = YES;
				SWIFT_VERSION = 5.0;
				TARGETED_DEVICE_FAMILY = "1,2";
			};
			name = Debug;
		};
		5AA0CFEF2A34B9B10013132B /* Release */ = {
			isa = XCBuildConfiguration;
			buildSettings = {
				ASSETCATALOG_COMPILER_APPICON_NAME = AppIcon;
				ASSETCATALOG_COMPILER_GLOBAL_ACCENT_COLOR_NAME = AccentColor;
				CODE_SIGN_ENTITLEMENTS = JsonPrettyPreview/JsonPrettyPreview.entitlements;
				CODE_SIGN_STYLE = Automatic;
				CURRENT_PROJECT_VERSION = 1;
				DEVELOPMENT_ASSET_PATHS = "\"JsonPrettyPreview/Preview Content\"";
				ENABLE_PREVIEWS = YES;
				GENERATE_INFOPLIST_FILE = YES;
				"INFOPLIST_KEY_UIApplicationSceneManifest_Generation[sdk=iphoneos*]" = YES;
				"INFOPLIST_KEY_UIApplicationSceneManifest_Generation[sdk=iphonesimulator*]" = YES;
				"INFOPLIST_KEY_UIApplicationSupportsIndirectInputEvents[sdk=iphoneos*]" = YES;
				"INFOPLIST_KEY_UIApplicationSupportsIndirectInputEvents[sdk=iphonesimulator*]" = YES;
				"INFOPLIST_KEY_UILaunchScreen_Generation[sdk=iphoneos*]" = YES;
				"INFOPLIST_KEY_UILaunchScreen_Generation[sdk=iphonesimulator*]" = YES;
				"INFOPLIST_KEY_UIStatusBarStyle[sdk=iphoneos*]" = UIStatusBarStyleDefault;
				"INFOPLIST_KEY_UIStatusBarStyle[sdk=iphonesimulator*]" = UIStatusBarStyleDefault;
				INFOPLIST_KEY_UISupportedInterfaceOrientations_iPad = "UIInterfaceOrientationPortrait UIInterfaceOrientationPortraitUpsideDown UIInterfaceOrientationLandscapeLeft UIInterfaceOrientationLandscapeRight";
				INFOPLIST_KEY_UISupportedInterfaceOrientations_iPhone = "UIInterfaceOrientationPortrait UIInterfaceOrientationLandscapeLeft UIInterfaceOrientationLandscapeRight";
				IPHONEOS_DEPLOYMENT_TARGET = 16.2;
				LD_RUNPATH_SEARCH_PATHS = "@executable_path/Frameworks";
				"LD_RUNPATH_SEARCH_PATHS[sdk=macosx*]" = "@executable_path/../Frameworks";
				MACOSX_DEPLOYMENT_TARGET = 12.6;
				MARKETING_VERSION = 1.0;
				PRODUCT_BUNDLE_IDENTIFIER = com.actondon.JsonPrettyPreview;
				PRODUCT_NAME = "$(TARGET_NAME)";
				SDKROOT = auto;
				SUPPORTED_PLATFORMS = "iphoneos iphonesimulator macosx";
				SWIFT_EMIT_LOC_STRINGS = YES;
				SWIFT_VERSION = 5.0;
				TARGETED_DEVICE_FAMILY = "1,2";
			};
			name = Release;
		};
		5AD9B04D2A2BCADA00DD8833 /* Debug */ = {
			isa = XCBuildConfiguration;
			buildSettings = {
				ASSETCATALOG_COMPILER_APPICON_NAME = AppIcon;
				ASSETCATALOG_COMPILER_GLOBAL_ACCENT_COLOR_NAME = AccentColor;
				CODE_SIGN_ENTITLEMENTS = _Previews/InputOutpuPreview/InputOutpuPreview.entitlements;
				CODE_SIGN_STYLE = Automatic;
				CURRENT_PROJECT_VERSION = 1;
				DEVELOPMENT_ASSET_PATHS = "\"_Previews/InputOutpuPreview/Preview Content\"";
				ENABLE_PREVIEWS = YES;
				GENERATE_INFOPLIST_FILE = YES;
				INFOPLIST_FILE = "InputOutpuPreview-Info.plist";
				"INFOPLIST_KEY_UIApplicationSceneManifest_Generation[sdk=iphoneos*]" = YES;
				"INFOPLIST_KEY_UIApplicationSceneManifest_Generation[sdk=iphonesimulator*]" = YES;
				"INFOPLIST_KEY_UIApplicationSupportsIndirectInputEvents[sdk=iphoneos*]" = YES;
				"INFOPLIST_KEY_UIApplicationSupportsIndirectInputEvents[sdk=iphonesimulator*]" = YES;
				"INFOPLIST_KEY_UILaunchScreen_Generation[sdk=iphoneos*]" = YES;
				"INFOPLIST_KEY_UILaunchScreen_Generation[sdk=iphonesimulator*]" = YES;
				"INFOPLIST_KEY_UIStatusBarStyle[sdk=iphoneos*]" = UIStatusBarStyleDefault;
				"INFOPLIST_KEY_UIStatusBarStyle[sdk=iphonesimulator*]" = UIStatusBarStyleDefault;
				INFOPLIST_KEY_UISupportedInterfaceOrientations_iPad = "UIInterfaceOrientationPortrait UIInterfaceOrientationPortraitUpsideDown UIInterfaceOrientationLandscapeLeft UIInterfaceOrientationLandscapeRight";
				INFOPLIST_KEY_UISupportedInterfaceOrientations_iPhone = "UIInterfaceOrientationPortrait UIInterfaceOrientationLandscapeLeft UIInterfaceOrientationLandscapeRight";
				IPHONEOS_DEPLOYMENT_TARGET = 16.2;
				LD_RUNPATH_SEARCH_PATHS = "@executable_path/Frameworks";
				"LD_RUNPATH_SEARCH_PATHS[sdk=macosx*]" = "@executable_path/../Frameworks";
				MACOSX_DEPLOYMENT_TARGET = 12.6;
				MARKETING_VERSION = 1.0;
				PRODUCT_BUNDLE_IDENTIFIER = com.actondon.InputOutpuPreview;
				PRODUCT_NAME = "$(TARGET_NAME)";
				SDKROOT = auto;
				SUPPORTED_PLATFORMS = "iphoneos iphonesimulator macosx";
				SWIFT_EMIT_LOC_STRINGS = YES;
				SWIFT_VERSION = 5.0;
				TARGETED_DEVICE_FAMILY = "1,2";
			};
			name = Debug;
		};
		5AD9B04E2A2BCADA00DD8833 /* Release */ = {
			isa = XCBuildConfiguration;
			buildSettings = {
				ASSETCATALOG_COMPILER_APPICON_NAME = AppIcon;
				ASSETCATALOG_COMPILER_GLOBAL_ACCENT_COLOR_NAME = AccentColor;
				CODE_SIGN_ENTITLEMENTS = _Previews/InputOutpuPreview/InputOutpuPreview.entitlements;
				CODE_SIGN_STYLE = Automatic;
				CURRENT_PROJECT_VERSION = 1;
				DEVELOPMENT_ASSET_PATHS = "\"_Previews/InputOutpuPreview/Preview Content\"";
				ENABLE_PREVIEWS = YES;
				GENERATE_INFOPLIST_FILE = YES;
				INFOPLIST_FILE = "InputOutpuPreview-Info.plist";
				"INFOPLIST_KEY_UIApplicationSceneManifest_Generation[sdk=iphoneos*]" = YES;
				"INFOPLIST_KEY_UIApplicationSceneManifest_Generation[sdk=iphonesimulator*]" = YES;
				"INFOPLIST_KEY_UIApplicationSupportsIndirectInputEvents[sdk=iphoneos*]" = YES;
				"INFOPLIST_KEY_UIApplicationSupportsIndirectInputEvents[sdk=iphonesimulator*]" = YES;
				"INFOPLIST_KEY_UILaunchScreen_Generation[sdk=iphoneos*]" = YES;
				"INFOPLIST_KEY_UILaunchScreen_Generation[sdk=iphonesimulator*]" = YES;
				"INFOPLIST_KEY_UIStatusBarStyle[sdk=iphoneos*]" = UIStatusBarStyleDefault;
				"INFOPLIST_KEY_UIStatusBarStyle[sdk=iphonesimulator*]" = UIStatusBarStyleDefault;
				INFOPLIST_KEY_UISupportedInterfaceOrientations_iPad = "UIInterfaceOrientationPortrait UIInterfaceOrientationPortraitUpsideDown UIInterfaceOrientationLandscapeLeft UIInterfaceOrientationLandscapeRight";
				INFOPLIST_KEY_UISupportedInterfaceOrientations_iPhone = "UIInterfaceOrientationPortrait UIInterfaceOrientationLandscapeLeft UIInterfaceOrientationLandscapeRight";
				IPHONEOS_DEPLOYMENT_TARGET = 16.2;
				LD_RUNPATH_SEARCH_PATHS = "@executable_path/Frameworks";
				"LD_RUNPATH_SEARCH_PATHS[sdk=macosx*]" = "@executable_path/../Frameworks";
				MACOSX_DEPLOYMENT_TARGET = 12.6;
				MARKETING_VERSION = 1.0;
				PRODUCT_BUNDLE_IDENTIFIER = com.actondon.InputOutpuPreview;
				PRODUCT_NAME = "$(TARGET_NAME)";
				SDKROOT = auto;
				SUPPORTED_PLATFORMS = "iphoneos iphonesimulator macosx";
				SWIFT_EMIT_LOC_STRINGS = YES;
				SWIFT_VERSION = 5.0;
				TARGETED_DEVICE_FAMILY = "1,2";
			};
			name = Release;
		};
		5AD9B0672A2C0CC600DD8833 /* Debug */ = {
			isa = XCBuildConfiguration;
			buildSettings = {
				ASSETCATALOG_COMPILER_APPICON_NAME = AppIcon;
				ASSETCATALOG_COMPILER_GLOBAL_ACCENT_COLOR_NAME = AccentColor;
				CODE_SIGN_ENTITLEMENTS = HtmlSwiftPreview/HtmlSwiftPreview.entitlements;
				CODE_SIGN_STYLE = Automatic;
				CURRENT_PROJECT_VERSION = 1;
				DEVELOPMENT_ASSET_PATHS = "\"HtmlSwiftPreview/Preview Content\"";
				ENABLE_PREVIEWS = YES;
				GENERATE_INFOPLIST_FILE = YES;
				"INFOPLIST_KEY_UIApplicationSceneManifest_Generation[sdk=iphoneos*]" = YES;
				"INFOPLIST_KEY_UIApplicationSceneManifest_Generation[sdk=iphonesimulator*]" = YES;
				"INFOPLIST_KEY_UIApplicationSupportsIndirectInputEvents[sdk=iphoneos*]" = YES;
				"INFOPLIST_KEY_UIApplicationSupportsIndirectInputEvents[sdk=iphonesimulator*]" = YES;
				"INFOPLIST_KEY_UILaunchScreen_Generation[sdk=iphoneos*]" = YES;
				"INFOPLIST_KEY_UILaunchScreen_Generation[sdk=iphonesimulator*]" = YES;
				"INFOPLIST_KEY_UIStatusBarStyle[sdk=iphoneos*]" = UIStatusBarStyleDefault;
				"INFOPLIST_KEY_UIStatusBarStyle[sdk=iphonesimulator*]" = UIStatusBarStyleDefault;
				INFOPLIST_KEY_UISupportedInterfaceOrientations_iPad = "UIInterfaceOrientationPortrait UIInterfaceOrientationPortraitUpsideDown UIInterfaceOrientationLandscapeLeft UIInterfaceOrientationLandscapeRight";
				INFOPLIST_KEY_UISupportedInterfaceOrientations_iPhone = "UIInterfaceOrientationPortrait UIInterfaceOrientationLandscapeLeft UIInterfaceOrientationLandscapeRight";
				IPHONEOS_DEPLOYMENT_TARGET = 16.2;
				LD_RUNPATH_SEARCH_PATHS = "@executable_path/Frameworks";
				"LD_RUNPATH_SEARCH_PATHS[sdk=macosx*]" = "@executable_path/../Frameworks";
				MACOSX_DEPLOYMENT_TARGET = 12.6;
				MARKETING_VERSION = 1.0;
				PRODUCT_BUNDLE_IDENTIFIER = com.actondon.HtmlSwiftPreview;
				PRODUCT_NAME = "$(TARGET_NAME)";
				SDKROOT = auto;
				SUPPORTED_PLATFORMS = "iphoneos iphonesimulator macosx";
				SWIFT_EMIT_LOC_STRINGS = YES;
				SWIFT_VERSION = 5.0;
				TARGETED_DEVICE_FAMILY = "1,2";
			};
			name = Debug;
		};
		5AD9B0682A2C0CC600DD8833 /* Release */ = {
			isa = XCBuildConfiguration;
			buildSettings = {
				ASSETCATALOG_COMPILER_APPICON_NAME = AppIcon;
				ASSETCATALOG_COMPILER_GLOBAL_ACCENT_COLOR_NAME = AccentColor;
				CODE_SIGN_ENTITLEMENTS = HtmlSwiftPreview/HtmlSwiftPreview.entitlements;
				CODE_SIGN_STYLE = Automatic;
				CURRENT_PROJECT_VERSION = 1;
				DEVELOPMENT_ASSET_PATHS = "\"HtmlSwiftPreview/Preview Content\"";
				ENABLE_PREVIEWS = YES;
				GENERATE_INFOPLIST_FILE = YES;
				"INFOPLIST_KEY_UIApplicationSceneManifest_Generation[sdk=iphoneos*]" = YES;
				"INFOPLIST_KEY_UIApplicationSceneManifest_Generation[sdk=iphonesimulator*]" = YES;
				"INFOPLIST_KEY_UIApplicationSupportsIndirectInputEvents[sdk=iphoneos*]" = YES;
				"INFOPLIST_KEY_UIApplicationSupportsIndirectInputEvents[sdk=iphonesimulator*]" = YES;
				"INFOPLIST_KEY_UILaunchScreen_Generation[sdk=iphoneos*]" = YES;
				"INFOPLIST_KEY_UILaunchScreen_Generation[sdk=iphonesimulator*]" = YES;
				"INFOPLIST_KEY_UIStatusBarStyle[sdk=iphoneos*]" = UIStatusBarStyleDefault;
				"INFOPLIST_KEY_UIStatusBarStyle[sdk=iphonesimulator*]" = UIStatusBarStyleDefault;
				INFOPLIST_KEY_UISupportedInterfaceOrientations_iPad = "UIInterfaceOrientationPortrait UIInterfaceOrientationPortraitUpsideDown UIInterfaceOrientationLandscapeLeft UIInterfaceOrientationLandscapeRight";
				INFOPLIST_KEY_UISupportedInterfaceOrientations_iPhone = "UIInterfaceOrientationPortrait UIInterfaceOrientationLandscapeLeft UIInterfaceOrientationLandscapeRight";
				IPHONEOS_DEPLOYMENT_TARGET = 16.2;
				LD_RUNPATH_SEARCH_PATHS = "@executable_path/Frameworks";
				"LD_RUNPATH_SEARCH_PATHS[sdk=macosx*]" = "@executable_path/../Frameworks";
				MACOSX_DEPLOYMENT_TARGET = 12.6;
				MARKETING_VERSION = 1.0;
				PRODUCT_BUNDLE_IDENTIFIER = com.actondon.HtmlSwiftPreview;
				PRODUCT_NAME = "$(TARGET_NAME)";
				SDKROOT = auto;
				SUPPORTED_PLATFORMS = "iphoneos iphonesimulator macosx";
				SWIFT_EMIT_LOC_STRINGS = YES;
				SWIFT_VERSION = 5.0;
				TARGETED_DEVICE_FAMILY = "1,2";
			};
			name = Release;
		};
/* End XCBuildConfiguration section */

/* Begin XCConfigurationList section */
		5A7436F92A2B69C8001DEC2E /* Build configuration list for PBXProject "DevBliss" */ = {
			isa = XCConfigurationList;
			buildConfigurations = (
				5A74370B2A2B69C9001DEC2E /* Debug */,
				5A74370C2A2B69C9001DEC2E /* Release */,
			);
			defaultConfigurationIsVisible = 0;
			defaultConfigurationName = Release;
		};
		5A74370D2A2B69C9001DEC2E /* Build configuration list for PBXNativeTarget "DevBliss" */ = {
			isa = XCConfigurationList;
			buildConfigurations = (
				5A74370E2A2B69C9001DEC2E /* Debug */,
				5A74370F2A2B69C9001DEC2E /* Release */,
			);
			defaultConfigurationIsVisible = 0;
			defaultConfigurationName = Release;
		};
		5AA0CFF02A34B9B10013132B /* Build configuration list for PBXNativeTarget "JsonPrettyPreview" */ = {
			isa = XCConfigurationList;
			buildConfigurations = (
				5AA0CFEE2A34B9B10013132B /* Debug */,
				5AA0CFEF2A34B9B10013132B /* Release */,
			);
			defaultConfigurationIsVisible = 0;
			defaultConfigurationName = Release;
		};
		5AD9B04F2A2BCADA00DD8833 /* Build configuration list for PBXNativeTarget "InputOutpuPreview" */ = {
			isa = XCConfigurationList;
			buildConfigurations = (
				5AD9B04D2A2BCADA00DD8833 /* Debug */,
				5AD9B04E2A2BCADA00DD8833 /* Release */,
			);
			defaultConfigurationIsVisible = 0;
			defaultConfigurationName = Release;
		};
		5AD9B0662A2C0CC600DD8833 /* Build configuration list for PBXNativeTarget "HtmlSwiftPreview" */ = {
			isa = XCConfigurationList;
			buildConfigurations = (
				5AD9B0672A2C0CC600DD8833 /* Debug */,
				5AD9B0682A2C0CC600DD8833 /* Release */,
			);
			defaultConfigurationIsVisible = 0;
			defaultConfigurationName = Release;
		};
/* End XCConfigurationList section */

/* Begin XCSwiftPackageProductDependency section */
		5AA0CFF12A34B9C20013132B /* JsonPrettyFeature */ = {
			isa = XCSwiftPackageProductDependency;
			productName = JsonPrettyFeature;
		};
		5AD9B0512A2BCB4B00DD8833 /* InputOutput */ = {
			isa = XCSwiftPackageProductDependency;
			productName = InputOutput;
		};
		5AD9B0692A2C0CD700DD8833 /* HtmlToSwiftFeature */ = {
			isa = XCSwiftPackageProductDependency;
			productName = HtmlToSwiftFeature;
		};
/* End XCSwiftPackageProductDependency section */
	};
	rootObject = 5A7436F62A2B69C8001DEC2E /* Project object */;
}
